
Microsoft Visual Studio Solution File, Format Version 12.00
# Visual Studio Version 17
VisualStudioVersion = 17.14.36518.9 d17.14
MinimumVisualStudioVersion = 10.0.40219.1
Project("{FAE04EC0-301F-11D3-BF4B-00C04F79EFBC}") = "05_LoopsWithStars", "05_LoopsWithStars.csproj", "{B0AB21D0-F3B1-445E-B299-9CC73153477C}"
EndProject
Global
	GlobalSection(SolutionConfigurationPlatforms) = preSolution
		Debug|Any CPU = Debug|Any CPU
		Release|Any CPU = Release|Any CPU
	EndGlobalSection
	GlobalSection(ProjectConfigurationPlatforms) = postSolution
		{B0AB21D0-F3B1-445E-B299-9CC73153477C}.Debug|Any CPU.ActiveCfg = Debug|Any CPU
		{B0AB21D0-F3B1-445E-B299-9CC73153477C}.Debug|Any CPU.Build.0 = Debug|Any CPU
		{B0AB21D0-F3B1-445E-B299-9CC73153477C}.Release|Any CPU.ActiveCfg = Release|Any CPU
		{B0AB21D0-F3B1-445E-B299-9CC73153477C}.Release|Any CPU.Build.0 = Release|Any CPU
	EndGlobalSection
	GlobalSection(SolutionProperties) = preSolution
		HideSolutionNode = FALSE
	EndGlobalSection
	GlobalSection(ExtensibilityGlobals) = postSolution
		SolutionGuid = {A12E5913-6A4E-4489-9802-06DC1F4B7598}
	EndGlobalSection
EndGlobal
