
Microsoft Visual Studio Solution File, Format Version 12.00
# Visual Studio Version 17
VisualStudioVersion = 17.14.36518.9 d17.14
MinimumVisualStudioVersion = 10.0.40219.1
Project("{FAE04EC0-301F-11D3-BF4B-00C04F79EFBC}") = "06_Arrays", "06_Arrays.csproj", "{87202ED5-1984-4F73-A273-E6D320EA0E52}"
EndProject
Global
	GlobalSection(SolutionConfigurationPlatforms) = preSolution
		Debug|Any CPU = Debug|Any CPU
		Release|Any CPU = Release|Any CPU
	EndGlobalSection
	GlobalSection(ProjectConfigurationPlatforms) = postSolution
		{87202ED5-1984-4F73-A273-E6D320EA0E52}.Debug|Any CPU.ActiveCfg = Debug|Any CPU
		{87202ED5-1984-4F73-A273-E6D320EA0E52}.Debug|Any CPU.Build.0 = Debug|Any CPU
		{87202ED5-1984-4F73-A273-E6D320EA0E52}.Release|Any CPU.ActiveCfg = Release|Any CPU
		{87202ED5-1984-4F73-A273-E6D320EA0E52}.Release|Any CPU.Build.0 = Release|Any CPU
	EndGlobalSection
	GlobalSection(SolutionProperties) = preSolution
		HideSolutionNode = FALSE
	EndGlobalSection
	GlobalSection(ExtensibilityGlobals) = postSolution
		SolutionGuid = {5C2D34E0-78BF-4039-8758-460E2A1F53EA}
	EndGlobalSection
EndGlobal
