
Microsoft Visual Studio Solution File, Format Version 12.00
# Visual Studio Version 17
VisualStudioVersion = 17.14.36518.9 d17.14
MinimumVisualStudioVersion = 10.0.40219.1
Project("{FAE04EC0-301F-11D3-BF4B-00C04F79EFBC}") = "08_Methods", "08_Methods.csproj", "{9A45C038-BD51-435A-A330-B160713970CF}"
EndProject
Global
	GlobalSection(SolutionConfigurationPlatforms) = preSolution
		Debug|Any CPU = Debug|Any CPU
		Release|Any CPU = Release|Any CPU
	EndGlobalSection
	GlobalSection(ProjectConfigurationPlatforms) = postSolution
		{9A45C038-BD51-435A-A330-B160713970CF}.Debug|Any CPU.ActiveCfg = Debug|Any CPU
		{9A45C038-BD51-435A-A330-B160713970CF}.Debug|Any CPU.Build.0 = Debug|Any CPU
		{9A45C038-BD51-435A-A330-B160713970CF}.Release|Any CPU.ActiveCfg = Release|Any CPU
		{9A45C038-BD51-435A-A330-B160713970CF}.Release|Any CPU.Build.0 = Release|Any CPU
	EndGlobalSection
	GlobalSection(SolutionProperties) = preSolution
		HideSolutionNode = FALSE
	EndGlobalSection
	GlobalSection(ExtensibilityGlobals) = postSolution
		SolutionGuid = {30EDBB52-DC2B-4016-B2C8-120164C73E9D}
	EndGlobalSection
EndGlobal
